// !$*UTF8*$!
{
	archiveVersion = 1;
	classes = {
	};
	objectVersion = 46;
	objects = {

/* Begin PBXBuildFile section */
		884078B61986C19900C3ECC5 /* Foundation.framework in Frameworks */ = {isa = PBXBuildFile; fileRef = 884078B51986C19900C3ECC5 /* Foundation.framework */; };
		884078B81986C19900C3ECC5 /* CoreGraphics.framework in Frameworks */ = {isa = PBXBuildFile; fileRef = 884078B71986C19900C3ECC5 /* CoreGraphics.framework */; };
		884078BA1986C19900C3ECC5 /* UIKit.framework in Frameworks */ = {isa = PBXBuildFile; fileRef = 884078B91986C19900C3ECC5 /* UIKit.framework */; };
		884078C01986C19900C3ECC5 /* InfoPlist.strings in Resources */ = {isa = PBXBuildFile; fileRef = 884078BE1986C19900C3ECC5 /* InfoPlist.strings */; };
		884078C21986C19900C3ECC5 /* main.m in Sources */ = {isa = PBXBuildFile; fileRef = 884078C11986C19900C3ECC5 /* main.m */; };
		884078C61986C19900C3ECC5 /* ROFAppDelegate.m in Sources */ = {isa = PBXBuildFile; fileRef = 884078C51986C19900C3ECC5 /* ROFAppDelegate.m */; };
		884078C91986C19900C3ECC5 /* Main.storyboard in Resources */ = {isa = PBXBuildFile; fileRef = 884078C71986C19900C3ECC5 /* Main.storyboard */; };
		884078CC1986C19900C3ECC5 /* ROFMasterViewController.m in Sources */ = {isa = PBXBuildFile; fileRef = 884078CB1986C19900C3ECC5 /* ROFMasterViewController.m */; };
		884078CF1986C19900C3ECC5 /* ROFDetailViewController.m in Sources */ = {isa = PBXBuildFile; fileRef = 884078CE1986C19900C3ECC5 /* ROFDetailViewController.m */; };
		884078D11986C19900C3ECC5 /* Images.xcassets in Resources */ = {isa = PBXBuildFile; fileRef = 884078D01986C19900C3ECC5 /* Images.xcassets */; };
		884078D81986C19900C3ECC5 /* XCTest.framework in Frameworks */ = {isa = PBXBuildFile; fileRef = 884078D71986C19900C3ECC5 /* XCTest.framework */; };
		884078D91986C19900C3ECC5 /* Foundation.framework in Frameworks */ = {isa = PBXBuildFile; fileRef = 884078B51986C19900C3ECC5 /* Foundation.framework */; };
		884078DA1986C19900C3ECC5 /* UIKit.framework in Frameworks */ = {isa = PBXBuildFile; fileRef = 884078B91986C19900C3ECC5 /* UIKit.framework */; };
		884078E21986C19900C3ECC5 /* InfoPlist.strings in Resources */ = {isa = PBXBuildFile; fileRef = 884078E01986C19900C3ECC5 /* InfoPlist.strings */; };
		884078E41986C19900C3ECC5 /* controllingSourceTests.m in Sources */ = {isa = PBXBuildFile; fileRef = 884078E31986C19900C3ECC5 /* controllingSourceTests.m */; };
/* End PBXBuildFile section */

/* Begin PBXContainerItemProxy section */
		884078DB1986C19900C3ECC5 /* PBXContainerItemProxy */ = {
			isa = PBXContainerItemProxy;
			containerPortal = 884078AA1986C19800C3ECC5 /* Project object */;
			proxyType = 1;
			remoteGlobalIDString = 884078B11986C19900C3ECC5;
			remoteInfo = controllingSource;
		};
/* End PBXContainerItemProxy section */

/* Begin PBXFileReference section */
		884078B21986C19900C3ECC5 /* controllingSource.app */ = {isa = PBXFileReference; explicitFileType = wrapper.application; includeInIndex = 0; path = controllingSource.app; sourceTree = BUILT_PRODUCTS_DIR; };
		884078B51986C19900C3ECC5 /* Foundation.framework */ = {isa = PBXFileReference; lastKnownFileType = wrapper.framework; name = Foundation.framework; path = System/Library/Frameworks/Foundation.framework; sourceTree = SDKROOT; };
		884078B71986C19900C3ECC5 /* CoreGraphics.framework */ = {isa = PBXFileReference; lastKnownFileType = wrapper.framework; name = CoreGraphics.framework; path = System/Library/Frameworks/CoreGraphics.framework; sourceTree = SDKROOT; };
		884078B91986C19900C3ECC5 /* UIKit.framework */ = {isa = PBXFileReference; lastKnownFileType = wrapper.framework; name = UIKit.framework; path = System/Library/Frameworks/UIKit.framework; sourceTree = SDKROOT; };
		884078BD1986C19900C3ECC5 /* controllingSource-Info.plist */ = {isa = PBXFileReference; lastKnownFileType = text.plist.xml; path = "controllingSource-Info.plist"; sourceTree = "<group>"; };
		884078BF1986C19900C3ECC5 /* en */ = {isa = PBXFileReference; lastKnownFileType = text.plist.strings; name = en; path = en.lproj/InfoPlist.strings; sourceTree = "<group>"; };
		884078C11986C19900C3ECC5 /* main.m */ = {isa = PBXFileReference; lastKnownFileType = sourcecode.c.objc; path = main.m; sourceTree = "<group>"; };
		884078C31986C19900C3ECC5 /* controllingSource-Prefix.pch */ = {isa = PBXFileReference; lastKnownFileType = sourcecode.c.h; path = "controllingSource-Prefix.pch"; sourceTree = "<group>"; };
		884078C41986C19900C3ECC5 /* ROFAppDelegate.h */ = {isa = PBXFileReference; lastKnownFileType = sourcecode.c.h; path = ROFAppDelegate.h; sourceTree = "<group>"; };
		884078C51986C19900C3ECC5 /* ROFAppDelegate.m */ = {isa = PBXFileReference; lastKnownFileType = sourcecode.c.objc; path = ROFAppDelegate.m; sourceTree = "<group>"; };
		884078C81986C19900C3ECC5 /* Base */ = {isa = PBXFileReference; lastKnownFileType = file.storyboard; name = Base; path = Base.lproj/Main.storyboard; sourceTree = "<group>"; };
		884078CA1986C19900C3ECC5 /* ROFMasterViewController.h */ = {isa = PBXFileReference; lastKnownFileType = sourcecode.c.h; path = ROFMasterViewController.h; sourceTree = "<group>"; };
		884078CB1986C19900C3ECC5 /* ROFMasterViewController.m */ = {isa = PBXFileReference; lastKnownFileType = sourcecode.c.objc; path = ROFMasterViewController.m; sourceTree = "<group>"; };
		884078CD1986C19900C3ECC5 /* ROFDetailViewController.h */ = {isa = PBXFileReference; lastKnownFileType = sourcecode.c.h; path = ROFDetailViewController.h; sourceTree = "<group>"; };
		884078CE1986C19900C3ECC5 /* ROFDetailViewController.m */ = {isa = PBXFileReference; lastKnownFileType = sourcecode.c.objc; path = ROFDetailViewController.m; sourceTree = "<group>"; };
		884078D01986C19900C3ECC5 /* Images.xcassets */ = {isa = PBXFileReference; lastKnownFileType = folder.assetcatalog; path = Images.xcassets; sourceTree = "<group>"; };
		884078D61986C19900C3ECC5 /* controllingSourceTests.xctest */ = {isa = PBXFileReference; explicitFileType = wrapper.cfbundle; includeInIndex = 0; path = controllingSourceTests.xctest; sourceTree = BUILT_PRODUCTS_DIR; };
		884078D71986C19900C3ECC5 /* XCTest.framework */ = {isa = PBXFileReference; lastKnownFileType = wrapper.framework; name = XCTest.framework; path = Library/Frameworks/XCTest.framework; sourceTree = DEVELOPER_DIR; };
		884078DF1986C19900C3ECC5 /* controllingSourceTests-Info.plist */ = {isa = PBXFileReference; lastKnownFileType = text.plist.xml; path = "controllingSourceTests-Info.plist"; sourceTree = "<group>"; };
		884078E11986C19900C3ECC5 /* en */ = {isa = PBXFileReference; lastKnownFileType = text.plist.strings; name = en; path = en.lproj/InfoPlist.strings; sourceTree = "<group>"; };
		884078E31986C19900C3ECC5 /* controllingSourceTests.m */ = {isa = PBXFileReference; lastKnownFileType = sourcecode.c.objc; path = controllingSourceTests.m; sourceTree = "<group>"; };
/* End PBXFileReference section */

/* Begin PBXFrameworksBuildPhase section */
		884078AF1986C19900C3ECC5 /* Frameworks */ = {
			isa = PBXFrameworksBuildPhase;
			buildActionMask = 2147483647;
			files = (
				884078B81986C19900C3ECC5 /* CoreGraphics.framework in Frameworks */,
				884078BA1986C19900C3ECC5 /* UIKit.framework in Frameworks */,
				884078B61986C19900C3ECC5 /* Foundation.framework in Frameworks */,
			);
			runOnlyForDeploymentPostprocessing = 0;
		};
		884078D31986C19900C3ECC5 /* Frameworks */ = {
			isa = PBXFrameworksBuildPhase;
			buildActionMask = 2147483647;
			files = (
				884078D81986C19900C3ECC5 /* XCTest.framework in Frameworks */,
				884078DA1986C19900C3ECC5 /* UIKit.framework in Frameworks */,
				884078D91986C19900C3ECC5 /* Foundation.framework in Frameworks */,
			);
			runOnlyForDeploymentPostprocessing = 0;
		};
/* End PBXFrameworksBuildPhase section */

/* Begin PBXGroup section */
		884078A91986C19800C3ECC5 = {
			isa = PBXGroup;
			children = (
				884078BB1986C19900C3ECC5 /* controllingSource */,
				884078DD1986C19900C3ECC5 /* controllingSourceTests */,
				884078B41986C19900C3ECC5 /* Frameworks */,
				884078B31986C19900C3ECC5 /* Products */,
			);
			sourceTree = "<group>";
		};
		884078B31986C19900C3ECC5 /* Products */ = {
			isa = PBXGroup;
			children = (
				884078B21986C19900C3ECC5 /* controllingSource.app */,
				884078D61986C19900C3ECC5 /* controllingSourceTests.xctest */,
			);
			name = Products;
			sourceTree = "<group>";
		};
		884078B41986C19900C3ECC5 /* Frameworks */ = {
			isa = PBXGroup;
			children = (
				884078B51986C19900C3ECC5 /* Foundation.framework */,
				884078B71986C19900C3ECC5 /* CoreGraphics.framework */,
				884078B91986C19900C3ECC5 /* UIKit.framework */,
				884078D71986C19900C3ECC5 /* XCTest.framework */,
			);
			name = Frameworks;
			sourceTree = "<group>";
		};
		884078BB1986C19900C3ECC5 /* controllingSource */ = {
			isa = PBXGroup;
			children = (
				884078C41986C19900C3ECC5 /* ROFAppDelegate.h */,
				884078C51986C19900C3ECC5 /* ROFAppDelegate.m */,
				884078C71986C19900C3ECC5 /* Main.storyboard */,
				884078CA1986C19900C3ECC5 /* ROFMasterViewController.h */,
				884078CB1986C19900C3ECC5 /* ROFMasterViewController.m */,
				884078CD1986C19900C3ECC5 /* ROFDetailViewController.h */,
				884078CE1986C19900C3ECC5 /* ROFDetailViewController.m */,
				884078D01986C19900C3ECC5 /* Images.xcassets */,
				884078BC1986C19900C3ECC5 /* Supporting Files */,
			);
			path = controllingSource;
			sourceTree = "<group>";
		};
		884078BC1986C19900C3ECC5 /* Supporting Files */ = {
			isa = PBXGroup;
			children = (
				884078BD1986C19900C3ECC5 /* controllingSource-Info.plist */,
				884078BE1986C19900C3ECC5 /* InfoPlist.strings */,
				884078C11986C19900C3ECC5 /* main.m */,
				884078C31986C19900C3ECC5 /* controllingSource-Prefix.pch */,
			);
			name = "Supporting Files";
			sourceTree = "<group>";
		};
		884078DD1986C19900C3ECC5 /* controllingSourceTests */ = {
			isa = PBXGroup;
			children = (
				884078E31986C19900C3ECC5 /* controllingSourceTests.m */,
				884078DE1986C19900C3ECC5 /* Supporting Files */,
			);
			path = controllingSourceTests;
			sourceTree = "<group>";
		};
		884078DE1986C19900C3ECC5 /* Supporting Files */ = {
			isa = PBXGroup;
			children = (
				884078DF1986C19900C3ECC5 /* controllingSourceTests-Info.plist */,
				884078E01986C19900C3ECC5 /* InfoPlist.strings */,
			);
			name = "Supporting Files";
			sourceTree = "<group>";
		};
/* End PBXGroup section */

/* Begin PBXNativeTarget section */
		884078B11986C19900C3ECC5 /* controllingSource */ = {
			isa = PBXNativeTarget;
			buildConfigurationList = 884078E71986C19900C3ECC5 /* Build configuration list for PBXNativeTarget "controllingSource" */;
			buildPhases = (
				884078AE1986C19900C3ECC5 /* Sources */,
				884078AF1986C19900C3ECC5 /* Frameworks */,
				884078B01986C19900C3ECC5 /* Resources */,
			);
			buildRules = (
			);
			dependencies = (
			);
			name = controllingSource;
			productName = controllingSource;
			productReference = 884078B21986C19900C3ECC5 /* controllingSource.app */;
			productType = "com.apple.product-type.application";
		};
		884078D51986C19900C3ECC5 /* controllingSourceTests */ = {
			isa = PBXNativeTarget;
			buildConfigurationList = 884078EA1986C19900C3ECC5 /* Build configuration list for PBXNativeTarget "controllingSourceTests" */;
			buildPhases = (
				884078D21986C19900C3ECC5 /* Sources */,
				884078D31986C19900C3ECC5 /* Frameworks */,
				884078D41986C19900C3ECC5 /* Resources */,
			);
			buildRules = (
			);
			dependencies = (
				884078DC1986C19900C3ECC5 /* PBXTargetDependency */,
			);
			name = controllingSourceTests;
			productName = controllingSourceTests;
			productReference = 884078D61986C19900C3ECC5 /* controllingSourceTests.xctest */;
			productType = "com.apple.product-type.bundle.unit-test";
		};
/* End PBXNativeTarget section */

/* Begin PBXProject section */
		884078AA1986C19800C3ECC5 /* Project object */ = {
			isa = PBXProject;
			attributes = {
				CLASSPREFIX = ROF;
				LastUpgradeCheck = 0510;
				ORGANIZATIONNAME = "Renato Ferreira";
				TargetAttributes = {
					884078D51986C19900C3ECC5 = {
						TestTargetID = 884078B11986C19900C3ECC5;
					};
				};
			};
			buildConfigurationList = 884078AD1986C19800C3ECC5 /* Build configuration list for PBXProject "controllingSource" */;
			compatibilityVersion = "Xcode 3.2";
			developmentRegion = English;
			hasScannedForEncodings = 0;
			knownRegions = (
				en,
				Base,
			);
			mainGroup = 884078A91986C19800C3ECC5;
			productRefGroup = 884078B31986C19900C3ECC5 /* Products */;
			projectDirPath = "";
			projectRoot = "";
			targets = (
				884078B11986C19900C3ECC5 /* controllingSource */,
				884078D51986C19900C3ECC5 /* controllingSourceTests */,
			);
		};
/* End PBXProject section */

/* Begin PBXResourcesBuildPhase section */
		884078B01986C19900C3ECC5 /* Resources */ = {
			isa = PBXResourcesBuildPhase;
			buildActionMask = 2147483647;
			files = (
				884078D11986C19900C3ECC5 /* Images.xcassets in Resources */,
				884078C01986C19900C3ECC5 /* InfoPlist.strings in Resources */,
				884078C91986C19900C3ECC5 /* Main.storyboard in Resources */,
			);
			runOnlyForDeploymentPostprocessing = 0;
		};
		884078D41986C19900C3ECC5 /* Resources */ = {
			isa = PBXResourcesBuildPhase;
			buildActionMask = 2147483647;
			files = (
				884078E21986C19900C3ECC5 /* InfoPlist.strings in Resources */,
			);
			runOnlyForDeploymentPostprocessing = 0;
		};
/* End PBXResourcesBuildPhase section */

/* Begin PBXSourcesBuildPhase section */
		884078AE1986C19900C3ECC5 /* Sources */ = {
			isa = PBXSourcesBuildPhase;
			buildActionMask = 2147483647;
			files = (
				884078C61986C19900C3ECC5 /* ROFAppDelegate.m in Sources */,
				884078CF1986C19900C3ECC5 /* ROFDetailViewController.m in Sources */,
				884078C21986C19900C3ECC5 /* main.m in Sources */,
				884078CC1986C19900C3ECC5 /* ROFMasterViewController.m in Sources */,
			);
			runOnlyForDeploymentPostprocessing = 0;
		};
		884078D21986C19900C3ECC5 /* Sources */ = {
			isa = PBXSourcesBuildPhase;
			buildActionMask = 2147483647;
			files = (
				884078E41986C19900C3ECC5 /* controllingSourceTests.m in Sources */,
			);
			runOnlyForDeploymentPostprocessing = 0;
		};
/* End PBXSourcesBuildPhase section */

/* Begin PBXTargetDependency section */
		884078DC1986C19900C3ECC5 /* PBXTargetDependency */ = {
			isa = PBXTargetDependency;
			target = 884078B11986C19900C3ECC5 /* controllingSource */;
			targetProxy = 884078DB1986C19900C3ECC5 /* PBXContainerItemProxy */;
		};
/* End PBXTargetDependency section */

/* Begin PBXVariantGroup section */
		884078BE1986C19900C3ECC5 /* InfoPlist.strings */ = {
			isa = PBXVariantGroup;
			children = (
				884078BF1986C19900C3ECC5 /* en */,
			);
			name = InfoPlist.strings;
			sourceTree = "<group>";
		};
		884078C71986C19900C3ECC5 /* Main.storyboard */ = {
			isa = PBXVariantGroup;
			children = (
				884078C81986C19900C3ECC5 /* Base */,
			);
			name = Main.storyboard;
			sourceTree = "<group>";
		};
		884078E01986C19900C3ECC5 /* InfoPlist.strings */ = {
			isa = PBXVariantGroup;
			children = (
				884078E11986C19900C3ECC5 /* en */,
			);
			name = InfoPlist.strings;
			sourceTree = "<group>";
		};
/* End PBXVariantGroup section */

/* Begin XCBuildConfiguration section */
		884078E51986C19900C3ECC5 /* Debug */ = {
			isa = XCBuildConfiguration;
			buildSettings = {
				ALWAYS_SEARCH_USER_PATHS = NO;
				CLANG_CXX_LANGUAGE_STANDARD = "gnu++0x";
				CLANG_CXX_LIBRARY = "libc++";
				CLANG_ENABLE_MODULES = YES;
				CLANG_ENABLE_OBJC_ARC = YES;
				CLANG_WARN_BOOL_CONVERSION = YES;
				CLANG_WARN_CONSTANT_CONVERSION = YES;
				CLANG_WARN_DIRECT_OBJC_ISA_USAGE = YES_ERROR;
				CLANG_WARN_EMPTY_BODY = YES;
				CLANG_WARN_ENUM_CONVERSION = YES;
				CLANG_WARN_INT_CONVERSION = YES;
				CLANG_WARN_OBJC_ROOT_CLASS = YES_ERROR;
				CLANG_WARN__DUPLICATE_METHOD_MATCH = YES;
				"CODE_SIGN_IDENTITY[sdk=iphoneos*]" = "iPhone Developer";
				COPY_PHASE_STRIP = NO;
				GCC_C_LANGUAGE_STANDARD = gnu99;
				GCC_DYNAMIC_NO_PIC = NO;
				GCC_OPTIMIZATION_LEVEL = 0;
				GCC_PREPROCESSOR_DEFINITIONS = (
					"DEBUG=1",
					"$(inherited)",
				);
				GCC_SYMBOLS_PRIVATE_EXTERN = NO;
				GCC_WARN_64_TO_32_BIT_CONVERSION = YES;
				GCC_WARN_ABOUT_RETURN_TYPE = YES_ERROR;
				GCC_WARN_UNDECLARED_SELECTOR = YES;
				GCC_WARN_UNINITIALIZED_AUTOS = YES_AGGRESSIVE;
				GCC_WARN_UNUSED_FUNCTION = YES;
				GCC_WARN_UNUSED_VARIABLE = YES;
				IPHONEOS_DEPLOYMENT_TARGET = 7.1;
				ONLY_ACTIVE_ARCH = YES;
				SDKROOT = iphoneos;
			};
			name = Debug;
		};
		884078E61986C19900C3ECC5 /* Release */ = {
			isa = XCBuildConfiguration;
			buildSettings = {
				ALWAYS_SEARCH_USER_PATHS = NO;
				CLANG_CXX_LANGUAGE_STANDARD = "gnu++0x";
				CLANG_CXX_LIBRARY = "libc++";
				CLANG_ENABLE_MODULES = YES;
				CLANG_ENABLE_OBJC_ARC = YES;
				CLANG_WARN_BOOL_CONVERSION = YES;
				CLANG_WARN_CONSTANT_CONVERSION = YES;
				CLANG_WARN_DIRECT_OBJC_ISA_USAGE = YES_ERROR;
				CLANG_WARN_EMPTY_BODY = YES;
				CLANG_WARN_ENUM_CONVERSION = YES;
				CLANG_WARN_INT_CONVERSION = YES;
				CLANG_WARN_OBJC_ROOT_CLASS = YES_ERROR;
				CLANG_WARN__DUPLICATE_METHOD_MATCH = YES;
				"CODE_SIGN_IDENTITY[sdk=iphoneos*]" = "iPhone Developer";
				COPY_PHASE_STRIP = YES;
				ENABLE_NS_ASSERTIONS = NO;
				GCC_C_LANGUAGE_STANDARD = gnu99;
				GCC_WARN_64_TO_32_BIT_CONVERSION = YES;
				GCC_WARN_ABOUT_RETURN_TYPE = YES_ERROR;
				GCC_WARN_UNDECLARED_SELECTOR = YES;
				GCC_WARN_UNINITIALIZED_AUTOS = YES_AGGRESSIVE;
				GCC_WARN_UNUSED_FUNCTION = YES;
				GCC_WARN_UNUSED_VARIABLE = YES;
				IPHONEOS_DEPLOYMENT_TARGET = 7.1;
				SDKROOT = iphoneos;
				VALIDATE_PRODUCT = YES;
			};
			name = Release;
		};
		884078E81986C19900C3ECC5 /* Debug */ = {
			isa = XCBuildConfiguration;
			buildSettings = {
				ASSETCATALOG_COMPILER_APPICON_NAME = AppIcon;
				ASSETCATALOG_COMPILER_LAUNCHIMAGE_NAME = LaunchImage;
				GCC_PRECOMPILE_PREFIX_HEADER = YES;
				GCC_PREFIX_HEADER = "controllingSource/controllingSource-Prefix.pch";
				INFOPLIST_FILE = "controllingSource/controllingSource-Info.plist";
				PRODUCT_NAME = "$(TARGET_NAME)";
				WRAPPER_EXTENSION = app;
			};
			name = Debug;
		};
		884078E91986C19900C3ECC5 /* Release */ = {
			isa = XCBuildConfiguration;
			buildSettings = {
				ASSETCATALOG_COMPILER_APPICON_NAME = AppIcon;
				ASSETCATALOG_COMPILER_LAUNCHIMAGE_NAME = LaunchImage;
				GCC_PRECOMPILE_PREFIX_HEADER = YES;
				GCC_PREFIX_HEADER = "controllingSource/controllingSource-Prefix.pch";
				INFOPLIST_FILE = "controllingSource/controllingSource-Info.plist";
				PRODUCT_NAME = "$(TARGET_NAME)";
				WRAPPER_EXTENSION = app;
			};
			name = Release;
		};
		884078EB1986C19900C3ECC5 /* Debug */ = {
			isa = XCBuildConfiguration;
			buildSettings = {
				BUNDLE_LOADER = "$(BUILT_PRODUCTS_DIR)/controllingSource.app/controllingSource";
				FRAMEWORK_SEARCH_PATHS = (
					"$(SDKROOT)/Developer/Library/Frameworks",
					"$(inherited)",
					"$(DEVELOPER_FRAMEWORKS_DIR)",
				);
				GCC_PRECOMPILE_PREFIX_HEADER = YES;
				GCC_PREFIX_HEADER = "controllingSource/controllingSource-Prefix.pch";
				GCC_PREPROCESSOR_DEFINITIONS = (
					"DEBUG=1",
					"$(inherited)",
				);
				INFOPLIST_FILE = "controllingSourceTests/controllingSourceTests-Info.plist";
				PRODUCT_NAME = "$(TARGET_NAME)";
				TEST_HOST = "$(BUNDLE_LOADER)";
				WRAPPER_EXTENSION = xctest;
			};
			name = Debug;
		};
		884078EC1986C19900C3ECC5 /* Release */ = {
			isa = XCBuildConfiguration;
			buildSettings = {
				BUNDLE_LOADER = "$(BUILT_PRODUCTS_DIR)/controllingSource.app/controllingSource";
				FRAMEWORK_SEARCH_PATHS = (
					"$(SDKROOT)/Developer/Library/Frameworks",
					"$(inherited)",
					"$(DEVELOPER_FRAMEWORKS_DIR)",
				);
				GCC_PRECOMPILE_PREFIX_HEADER = YES;
				GCC_PREFIX_HEADER = "controllingSource/controllingSource-Prefix.pch";
				INFOPLIST_FILE = "controllingSourceTests/controllingSourceTests-Info.plist";
				PRODUCT_NAME = "$(TARGET_NAME)";
				TEST_HOST = "$(BUNDLE_LOADER)";
				WRAPPER_EXTENSION = xctest;
			};
			name = Release;
		};
/* End XCBuildConfiguration section */

/* Begin XCConfigurationList section */
		884078AD1986C19800C3ECC5 /* Build configuration list for PBXProject "controllingSource" */ = {
			isa = XCConfigurationList;
			buildConfigurations = (
				884078E51986C19900C3ECC5 /* Debug */,
				884078E61986C19900C3ECC5 /* Release */,
			);
			defaultConfigurationIsVisible = 0;
			defaultConfigurationName = Release;
		};
		884078E71986C19900C3ECC5 /* Build configuration list for PBXNativeTarget "controllingSource" */ = {
			isa = XCConfigurationList;
			buildConfigurations = (
				884078E81986C19900C3ECC5 /* Debug */,
				884078E91986C19900C3ECC5 /* Release */,
			);
			defaultConfigurationIsVisible = 0;
		};
		884078EA1986C19900C3ECC5 /* Build configuration list for PBXNativeTarget "controllingSourceTests" */ = {
			isa = XCConfigurationList;
			buildConfigurations = (
				884078EB1986C19900C3ECC5 /* Debug */,
				884078EC1986C19900C3ECC5 /* Release */,
			);
			defaultConfigurationIsVisible = 0;
		};
/* End XCConfigurationList section */
	};
	rootObject = 884078AA1986C19800C3ECC5 /* Project object */;
}
